
Microsoft Visual Studio Solution File, Format Version 12.00
# Visual Studio Version 16
VisualStudioVersion = 16.0.31321.278
MinimumVisualStudioVersion = 10.0.40219.1
Project("{FAE04EC0-301F-11D3-BF4B-00C04F79EFBC}") = "Create_Tabell", "Create_Tabell\Create_Tabell.csproj", "{65FAAFE7-2D03-4AFD-A744-38756D115D3D}"
EndProject
Global
	GlobalSection(SolutionConfigurationPlatforms) = preSolution
		Debug|Any CPU = Debug|Any CPU
		Release|Any CPU = Release|Any CPU
	EndGlobalSection
	GlobalSection(ProjectConfigurationPlatforms) = postSolution
		{65FAAFE7-2D03-4AFD-A744-38756D115D3D}.Debug|Any CPU.ActiveCfg = Debug|Any CPU
		{65FAAFE7-2D03-4AFD-A744-38756D115D3D}.Debug|Any CPU.Build.0 = Debug|Any CPU
		{65FAAFE7-2D03-4AFD-A744-38756D115D3D}.Release|Any CPU.ActiveCfg = Release|Any CPU
		{65FAAFE7-2D03-4AFD-A744-38756D115D3D}.Release|Any CPU.Build.0 = Release|Any CPU
	EndGlobalSection
	GlobalSection(SolutionProperties) = preSolution
		HideSolutionNode = FALSE
	EndGlobalSection
	GlobalSection(ExtensibilityGlobals) = postSolution
		SolutionGuid = {55ED824E-6C27-401E-B1E4-247572C36E10}
	EndGlobalSection
EndGlobal
